
Microsoft Visual Studio Solution File, Format Version 12.00
# Visual Studio Version 16
VisualStudioVersion = 16.0.29424.173
MinimumVisualStudioVersion = 10.0.40219.1
Project("{888888A0-9F3D-457C-B088-3A5042F75D52}") = "Acid", "Acid.pyproj", "{FB79C43B-5CA3-4D06-B327-3B758816C70D}"
EndProject
Global
	GlobalSection(SolutionConfigurationPlatforms) = preSolution
		Debug|Any CPU = Debug|Any CPU
		Release|Any CPU = Release|Any CPU
	EndGlobalSection
	GlobalSection(ProjectConfigurationPlatforms) = postSolution
		{FB79C43B-5CA3-4D06-B327-3B758816C70D}.Debug|Any CPU.ActiveCfg = Debug|Any CPU
		{FB79C43B-5CA3-4D06-B327-3B758816C70D}.Release|Any CPU.ActiveCfg = Release|Any CPU
	EndGlobalSection
	GlobalSection(SolutionProperties) = preSolution
		HideSolutionNode = FALSE
	EndGlobalSection
	GlobalSection(ExtensibilityGlobals) = postSolution
		SolutionGuid = {AA3AE1D7-D70F-4B8C-A8C0-99DE87B9873A}
	EndGlobalSection
EndGlobal
